# This file is automatically @generated by Poetry 2.1.3 and should not be changed by hand.

[[package]]
name = "asgiref"
version = "3.9.1"
description = "ASGI specs, helper code, and adapters"
optional = false
python-versions = ">=3.9"
groups = ["main"]
files = [
    {file = "asgiref-3.9.1-py3-none-any.whl", hash = "sha256:f3bba7092a48005b5f5bacd747d36ee4a5a61f4a269a6df590b43144355ebd2c"},
    {file = "asgiref-3.9.1.tar.gz", hash = "sha256:a5ab6582236218e5ef1648f242fd9f10626cfd4de8dc377db215d5d5098e3142"},
]

[package.extras]
tests = ["mypy (>=1.14.0)", "pytest", "pytest-asyncio"]

[[package]]
name = "colorama"
version = "0.4.6"
description = "Cross-platform colored terminal text."
optional = false
python-versions = "!=3.0.*,!=3.1.*,!=3.2.*,!=3.3.*,!=3.4.*,!=3.5.*,!=3.6.*,>=2.7"
groups = ["main"]
markers = "platform_system == \"Windows\""
files = [
    {file = "colorama-0.4.6-py2.py3-none-any.whl", hash = "sha256:4f1d9991f5acc0ca119f9d443620b77f9d6b33703e51011c16baf57afb285fc6"},
    {file = "colorama-0.4.6.tar.gz", hash = "sha256:08695f5cb7ed6e0531a20572697297273c47b8cae5a63ffc6d6ed5c201be6e44"},
]

[[package]]
name = "django"
version = "5.2.4"
description = "A high-level Python web framework that encourages rapid development and clean, pragmatic design."
optional = false
python-versions = ">=3.10"
groups = ["main"]
files = [
    {file = "django-5.2.4-py3-none-any.whl", hash = "sha256:60c35bd96201b10c6e7a78121bd0da51084733efa303cc19ead021ab179cef5e"},
    {file = "django-5.2.4.tar.gz", hash = "sha256:a1228c384f8fa13eebc015196db7b3e08722c5058d4758d20cb287503a540d8f"},
]

[package.dependencies]
asgiref = ">=3.8.1"
sqlparse = ">=0.3.1"
tzdata = {version = "*", markers = "sys_platform == \"win32\""}

[package.extras]
argon2 = ["argon2-cffi (>=19.1.0)"]
bcrypt = ["bcrypt"]

[[package]]
name = "django-allauth"
version = "65.9.0"
description = "Integrated set of Django applications addressing authentication, registration, account management as well as 3rd party (social) account authentication."
optional = false
python-versions = ">=3.8"
groups = ["main"]
files = [
    {file = "django_allauth-65.9.0.tar.gz", hash = "sha256:a06bca9974df44321e94c33bcf770bb6f924d1a44b57defbce4d7ec54a55483e"},
]

[package.dependencies]
asgiref = ">=3.8.1"
Django = ">=4.2.16"

[package.extras]
idp-oidc = ["oauthlib (>=3.2.2,<4)", "pyjwt[crypto] (>=2.0,<3)"]
mfa = ["fido2 (>=1.1.2,<3)", "qrcode (>=7.0.0,<9)"]
openid = ["python3-openid (>=3.0.8,<4)"]
saml = ["python3-saml (>=1.15.0,<2.0.0)"]
socialaccount = ["pyjwt[crypto] (>=2.0,<3)", "requests (>=2.0.0,<3)", "requests-oauthlib (>=0.3.0)"]
steam = ["python3-openid (>=3.0.8,<4)"]

[[package]]
name = "django-formtools"
version = "2.5.1"
description = "A set of high-level abstractions for Django forms"
optional = false
python-versions = ">=3.8"
groups = ["main"]
files = [
    {file = "django-formtools-2.5.1.tar.gz", hash = "sha256:47cb34552c6efca088863d693284d04fc36eaaf350eb21e1a1d935e0df523c93"},
    {file = "django_formtools-2.5.1-py3-none-any.whl", hash = "sha256:bce9b64eda52cc1eef6961cc649cf75aacd1a707c2fff08d6c3efcbc8e7e761a"},
]

[package.dependencies]
Django = ">=3.2"

[[package]]
name = "django-otp"
version = "1.6.0"
description = "A pluggable framework for adding two-factor authentication to Django using one-time passwords."
optional = false
python-versions = ">=3.7"
groups = ["main"]
files = [
    {file = "django_otp-1.6.0-py3-none-any.whl", hash = "sha256:34d9c478ced2d8c8d952428066565c7a9a96722b7f4ec8e041d161e82a85528f"},
    {file = "django_otp-1.6.0.tar.gz", hash = "sha256:13762d5d0ce52f68a9250ab186d36d9971d67271c05f15f533d73b09f2014667"},
]

[package.dependencies]
django = ">=4.2"

[package.extras]
qrcode = ["qrcode"]
segno = ["segno"]

[[package]]
name = "django-phonenumber-field"
version = "8.1.0"
description = "An international phone number field for django models."
optional = false
python-versions = ">=3.9"
groups = ["main"]
files = [
    {file = "django_phonenumber_field-8.1.0-py3-none-any.whl", hash = "sha256:9ba66873bf47401b13fc57797fbf85e785864a6bfdc8b9daa3a9012886567045"},
    {file = "django_phonenumber_field-8.1.0.tar.gz", hash = "sha256:f19450625574ad3a2de047c409527d0e57699496849e71e53b53e8679ff67b27"},
]

[package.dependencies]
Django = ">=4.2"

[package.extras]
phonenumbers = ["phonenumbers (>=7.0.2)"]
phonenumberslite = ["phonenumberslite (>=7.0.2)"]

[[package]]
name = "django-two-factor-auth"
version = "1.17.0"
description = "Complete Two-Factor Authentication for Django"
optional = false
python-versions = ">=3.8"
groups = ["main"]
files = [
    {file = "django_two_factor_auth-1.17.0-py3-none-any.whl", hash = "sha256:622e78b0d6cf12eeafa239665d99c1221c399228f2f902fe478aea7759995e0e"},
    {file = "django_two_factor_auth-1.17.0.tar.gz", hash = "sha256:a2dcc3efedd0ce4b4c14d389766c9fd8e13cabdff5e4e1b645adeb650c550cf7"},
]

[package.dependencies]
Django = ">=4.2"
django-formtools = "*"
django_otp = ">=0.8.0"
django-phonenumber-field = "<9"
qrcode = ">=4.0.0,<7.99"

[package.extras]
call = ["twilio (>=6.0)"]
linting = ["isort (<=5.99)", "ruff"]
phonenumbers = ["phonenumbers (>=7.0.9,<8.99)"]
phonenumberslite = ["phonenumberslite (>=7.0.9,<8.99)"]
sms = ["twilio (>=6.0)"]
tests = ["coverage", "freezegun", "tox"]
webauthn = ["webauthn (>=2.0,<2.99)"]
yubikey = ["django-otp-yubikey"]

[[package]]
name = "phonenumbers"
version = "9.0.9"
description = "Python version of Google's common library for parsing, formatting, storing and validating international phone numbers."
optional = false
python-versions = "*"
groups = ["main"]
files = [
    {file = "phonenumbers-9.0.9-py2.py3-none-any.whl", hash = "sha256:13b91aa153f87675902829b38a556bad54824f9c121b89588bbb5fa8550d97ef"},
    {file = "phonenumbers-9.0.9.tar.gz", hash = "sha256:c640545019a07e68b0bea57a5fede6eef45c7391165d28935f45615f9a567a5b"},
]

[[package]]
name = "psycopg2"
version = "2.9.10"
description = "psycopg2 - Python-PostgreSQL Database Adapter"
optional = false
python-versions = ">=3.8"
groups = ["main"]
files = [
    {file = "psycopg2-2.9.10-cp310-cp310-win32.whl", hash = "sha256:5df2b672140f95adb453af93a7d669d7a7bf0a56bcd26f1502329166f4a61716"},
    {file = "psycopg2-2.9.10-cp310-cp310-win_amd64.whl", hash = "sha256:c6f7b8561225f9e711a9c47087388a97fdc948211c10a4bccbf0ba68ab7b3b5a"},
    {file = "psycopg2-2.9.10-cp311-cp311-win32.whl", hash = "sha256:47c4f9875125344f4c2b870e41b6aad585901318068acd01de93f3677a6522c2"},
    {file = "psycopg2-2.9.10-cp311-cp311-win_amd64.whl", hash = "sha256:0435034157049f6846e95103bd8f5a668788dd913a7c30162ca9503fdf542cb4"},
    {file = "psycopg2-2.9.10-cp312-cp312-win32.whl", hash = "sha256:65a63d7ab0e067e2cdb3cf266de39663203d38d6a8ed97f5ca0cb315c73fe067"},
    {file = "psycopg2-2.9.10-cp312-cp312-win_amd64.whl", hash = "sha256:4a579d6243da40a7b3182e0430493dbd55950c493d8c68f4eec0b302f6bbf20e"},
    {file = "psycopg2-2.9.10-cp313-cp313-win_amd64.whl", hash = "sha256:91fd603a2155da8d0cfcdbf8ab24a2d54bca72795b90d2a3ed2b6da8d979dee2"},
    {file = "psycopg2-2.9.10-cp39-cp39-win32.whl", hash = "sha256:9d5b3b94b79a844a986d029eee38998232451119ad653aea42bb9220a8c5066b"},
    {file = "psycopg2-2.9.10-cp39-cp39-win_amd64.whl", hash = "sha256:88138c8dedcbfa96408023ea2b0c369eda40fe5d75002c0964c78f46f11fa442"},
    {file = "psycopg2-2.9.10.tar.gz", hash = "sha256:12ec0b40b0273f95296233e8750441339298e6a572f7039da5b260e3c8b60e11"},
]

[[package]]
name = "pypng"
version = "0.20220715.0"
description = "Pure Python library for saving and loading PNG images"
optional = false
python-versions = "*"
groups = ["main"]
files = [
    {file = "pypng-0.20220715.0-py3-none-any.whl", hash = "sha256:4a43e969b8f5aaafb2a415536c1a8ec7e341cd6a3f957fd5b5f32a4cfeed902c"},
    {file = "pypng-0.20220715.0.tar.gz", hash = "sha256:739c433ba96f078315de54c0db975aee537cbc3e1d0ae4ed9aab0ca1e427e2c1"},
]

[[package]]
name = "qrcode"
version = "7.4.2"
description = "QR Code image generator"
optional = false
python-versions = ">=3.7"
groups = ["main"]
files = [
    {file = "qrcode-7.4.2-py3-none-any.whl", hash = "sha256:581dca7a029bcb2deef5d01068e39093e80ef00b4a61098a2182eac59d01643a"},
    {file = "qrcode-7.4.2.tar.gz", hash = "sha256:9dd969454827e127dbd93696b20747239e6d540e082937c90f14ac95b30f5845"},
]

[package.dependencies]
colorama = {version = "*", markers = "platform_system == \"Windows\""}
pypng = "*"
typing-extensions = "*"

[package.extras]
all = ["pillow (>=9.1.0)", "pytest", "pytest-cov", "tox", "zest.releaser[recommended]"]
dev = ["pytest", "pytest-cov", "tox"]
maintainer = ["zest.releaser[recommended]"]
pil = ["pillow (>=9.1.0)"]
test = ["coverage", "pytest"]

[[package]]
name = "sqlparse"
version = "0.5.3"
description = "A non-validating SQL parser."
optional = false
python-versions = ">=3.8"
groups = ["main"]
files = [
    {file = "sqlparse-0.5.3-py3-none-any.whl", hash = "sha256:cf2196ed3418f3ba5de6af7e82c694a9fbdbfecccdfc72e281548517081f16ca"},
    {file = "sqlparse-0.5.3.tar.gz", hash = "sha256:09f67787f56a0b16ecdbde1bfc7f5d9c3371ca683cfeaa8e6ff60b4807ec9272"},
]

[package.extras]
dev = ["build", "hatch"]
doc = ["sphinx"]

[[package]]
name = "typing-extensions"
version = "4.14.1"
description = "Backported and Experimental Type Hints for Python 3.9+"
optional = false
python-versions = ">=3.9"
groups = ["main"]
files = [
    {file = "typing_extensions-4.14.1-py3-none-any.whl", hash = "sha256:d1e1e3b58374dc93031d6eda2420a48ea44a36c2b4766a4fdeb3710755731d76"},
    {file = "typing_extensions-4.14.1.tar.gz", hash = "sha256:38b39f4aeeab64884ce9f74c94263ef78f3c22467c8724005483154c26648d36"},
]

[[package]]
name = "tzdata"
version = "2025.2"
description = "Provider of IANA time zone data"
optional = false
python-versions = ">=2"
groups = ["main"]
markers = "sys_platform == \"win32\""
files = [
    {file = "tzdata-2025.2-py2.py3-none-any.whl", hash = "sha256:1a403fada01ff9221ca8044d701868fa132215d84beb92242d9acd2147f667a8"},
    {file = "tzdata-2025.2.tar.gz", hash = "sha256:b60a638fcc0daffadf82fe0f57e53d06bdec2f36c4df66280ae79bce6bd6f2b9"},
]

[metadata]
lock-version = "2.1"
python-versions = "^3.11"
content-hash = "386d331bd37eea3ed94d5c23293b8fed5c60ee669badef3e315ac19f5bef5f18"
